
Microsoft Visual Studio Solution File, Format Version 12.00
# Visual Studio Version 17
VisualStudioVersion = 17.11.35222.181
MinimumVisualStudioVersion = 10.0.40219.1
Project("{FAE04EC0-301F-11D3-BF4B-00C04F79EFBC}") = "Week2", "Week2\Week2.csproj", "{095CC99A-B95D-4782-ACE3-0F848512EF41}"
EndProject
Project("{FAE04EC0-301F-11D3-BF4B-00C04F79EFBC}") = "UserGenderValidation", "UserAgeValidation\UserGenderValidation.csproj", "{7FFE5FC1-4BFA-4222-9806-B3F08B183E99}"
EndProject
Project("{FAE04EC0-301F-11D3-BF4B-00C04F79EFBC}") = "UserAgeValidation1", "UserAgeValidation1\UserAgeValidation1.csproj", "{53299A00-CD4C-4334-B5D9-9E6228B6F084}"
EndProject
Global
	GlobalSection(SolutionConfigurationPlatforms) = preSolution
		Debug|Any CPU = Debug|Any CPU
		Release|Any CPU = Release|Any CPU
	EndGlobalSection
	GlobalSection(ProjectConfigurationPlatforms) = postSolution
		{095CC99A-B95D-4782-ACE3-0F848512EF41}.Debug|Any CPU.ActiveCfg = Debug|Any CPU
		{095CC99A-B95D-4782-ACE3-0F848512EF41}.Debug|Any CPU.Build.0 = Debug|Any CPU
		{095CC99A-B95D-4782-ACE3-0F848512EF41}.Release|Any CPU.ActiveCfg = Release|Any CPU
		{095CC99A-B95D-4782-ACE3-0F848512EF41}.Release|Any CPU.Build.0 = Release|Any CPU
		{7FFE5FC1-4BFA-4222-9806-B3F08B183E99}.Debug|Any CPU.ActiveCfg = Debug|Any CPU
		{7FFE5FC1-4BFA-4222-9806-B3F08B183E99}.Debug|Any CPU.Build.0 = Debug|Any CPU
		{7FFE5FC1-4BFA-4222-9806-B3F08B183E99}.Release|Any CPU.ActiveCfg = Release|Any CPU
		{7FFE5FC1-4BFA-4222-9806-B3F08B183E99}.Release|Any CPU.Build.0 = Release|Any CPU
		{53299A00-CD4C-4334-B5D9-9E6228B6F084}.Debug|Any CPU.ActiveCfg = Debug|Any CPU
		{53299A00-CD4C-4334-B5D9-9E6228B6F084}.Debug|Any CPU.Build.0 = Debug|Any CPU
		{53299A00-CD4C-4334-B5D9-9E6228B6F084}.Release|Any CPU.ActiveCfg = Release|Any CPU
		{53299A00-CD4C-4334-B5D9-9E6228B6F084}.Release|Any CPU.Build.0 = Release|Any CPU
	EndGlobalSection
	GlobalSection(SolutionProperties) = preSolution
		HideSolutionNode = FALSE
	EndGlobalSection
	GlobalSection(ExtensibilityGlobals) = postSolution
		SolutionGuid = {7399DEC9-ECFC-4DDF-BA7A-998E2F7EE07D}
	EndGlobalSection
EndGlobal
